
Microsoft Visual Studio Solution File, Format Version 12.00
# Visual Studio Version 16
VisualStudioVersion = 16.0.30330.147
MinimumVisualStudioVersion = 10.0.40219.1
Project("{FAE04EC0-301F-11D3-BF4B-00C04F79EFBC}") = "EasyGest.Winforms", "CustomsGestionHoteliere\EasyGest.Winforms.csproj", "{E8362281-450E-473D-9C7B-EB68B54DFAD8}"
EndProject
Project("{FAE04EC0-301F-11D3-BF4B-00C04F79EFBC}") = "EasyGest.BO", "EasyGest.BO\EasyGest.BO.csproj", "{5604FCCE-D3B7-4EDF-B611-2C6DEE1CC473}"
EndProject
Project("{FAE04EC0-301F-11D3-BF4B-00C04F79EFBC}") = "EasyGest.DAL", "EasyGest.DAL\EasyGest.DAL.csproj", "{EF3066AD-772E-4C68-BC83-50EE633F20AC}"
EndProject
Project("{FAE04EC0-301F-11D3-BF4B-00C04F79EFBC}") = "EasyGest.BLL", "EasyGest.BLL\EasyGest.BLL.csproj", "{DADBD8EE-1FFC-4913-A462-9BD81132925B}"
EndProject
Project("{FAE04EC0-301F-11D3-BF4B-00C04F79EFBC}") = "EasyGest.Xaml", "EasyGest.Xaml\EasyGest.Xaml.csproj", "{3A04F939-7E46-4B90-95D4-245A0701D429}"
EndProject
Global
	GlobalSection(SolutionConfigurationPlatforms) = preSolution
		Debug|Any CPU = Debug|Any CPU
		Debug|ARM = Debug|ARM
		Debug|ARM64 = Debug|ARM64
		Debug|x64 = Debug|x64
		Debug|x86 = Debug|x86
		Release|Any CPU = Release|Any CPU
		Release|ARM = Release|ARM
		Release|ARM64 = Release|ARM64
		Release|x64 = Release|x64
		Release|x86 = Release|x86
	EndGlobalSection
	GlobalSection(ProjectConfigurationPlatforms) = postSolution
		{E8362281-450E-473D-9C7B-EB68B54DFAD8}.Debug|Any CPU.ActiveCfg = Debug|Any CPU
		{E8362281-450E-473D-9C7B-EB68B54DFAD8}.Debug|Any CPU.Build.0 = Debug|Any CPU
		{E8362281-450E-473D-9C7B-EB68B54DFAD8}.Debug|ARM.ActiveCfg = Debug|Any CPU
		{E8362281-450E-473D-9C7B-EB68B54DFAD8}.Debug|ARM.Build.0 = Debug|Any CPU
		{E8362281-450E-473D-9C7B-EB68B54DFAD8}.Debug|ARM64.ActiveCfg = Debug|Any CPU
		{E8362281-450E-473D-9C7B-EB68B54DFAD8}.Debug|ARM64.Build.0 = Debug|Any CPU
		{E8362281-450E-473D-9C7B-EB68B54DFAD8}.Debug|x64.ActiveCfg = Debug|Any CPU
		{E8362281-450E-473D-9C7B-EB68B54DFAD8}.Debug|x64.Build.0 = Debug|Any CPU
		{E8362281-450E-473D-9C7B-EB68B54DFAD8}.Debug|x86.ActiveCfg = Debug|Any CPU
		{E8362281-450E-473D-9C7B-EB68B54DFAD8}.Debug|x86.Build.0 = Debug|Any CPU
		{E8362281-450E-473D-9C7B-EB68B54DFAD8}.Release|Any CPU.ActiveCfg = Release|Any CPU
		{E8362281-450E-473D-9C7B-EB68B54DFAD8}.Release|Any CPU.Build.0 = Release|Any CPU
		{E8362281-450E-473D-9C7B-EB68B54DFAD8}.Release|ARM.ActiveCfg = Release|Any CPU
		{E8362281-450E-473D-9C7B-EB68B54DFAD8}.Release|ARM.Build.0 = Release|Any CPU
		{E8362281-450E-473D-9C7B-EB68B54DFAD8}.Release|ARM64.ActiveCfg = Release|Any CPU
		{E8362281-450E-473D-9C7B-EB68B54DFAD8}.Release|ARM64.Build.0 = Release|Any CPU
		{E8362281-450E-473D-9C7B-EB68B54DFAD8}.Release|x64.ActiveCfg = Release|Any CPU
		{E8362281-450E-473D-9C7B-EB68B54DFAD8}.Release|x64.Build.0 = Release|Any CPU
		{E8362281-450E-473D-9C7B-EB68B54DFAD8}.Release|x86.ActiveCfg = Release|Any CPU
		{E8362281-450E-473D-9C7B-EB68B54DFAD8}.Release|x86.Build.0 = Release|Any CPU
		{5604FCCE-D3B7-4EDF-B611-2C6DEE1CC473}.Debug|Any CPU.ActiveCfg = Debug|Any CPU
		{5604FCCE-D3B7-4EDF-B611-2C6DEE1CC473}.Debug|Any CPU.Build.0 = Debug|Any CPU
		{5604FCCE-D3B7-4EDF-B611-2C6DEE1CC473}.Debug|ARM.ActiveCfg = Debug|Any CPU
		{5604FCCE-D3B7-4EDF-B611-2C6DEE1CC473}.Debug|ARM.Build.0 = Debug|Any CPU
		{5604FCCE-D3B7-4EDF-B611-2C6DEE1CC473}.Debug|ARM64.ActiveCfg = Debug|Any CPU
		{5604FCCE-D3B7-4EDF-B611-2C6DEE1CC473}.Debug|ARM64.Build.0 = Debug|Any CPU
		{5604FCCE-D3B7-4EDF-B611-2C6DEE1CC473}.Debug|x64.ActiveCfg = Debug|Any CPU
		{5604FCCE-D3B7-4EDF-B611-2C6DEE1CC473}.Debug|x64.Build.0 = Debug|Any CPU
		{5604FCCE-D3B7-4EDF-B611-2C6DEE1CC473}.Debug|x86.ActiveCfg = Debug|Any CPU
		{5604FCCE-D3B7-4EDF-B611-2C6DEE1CC473}.Debug|x86.Build.0 = Debug|Any CPU
		{5604FCCE-D3B7-4EDF-B611-2C6DEE1CC473}.Release|Any CPU.ActiveCfg = Release|Any CPU
		{5604FCCE-D3B7-4EDF-B611-2C6DEE1CC473}.Release|Any CPU.Build.0 = Release|Any CPU
		{5604FCCE-D3B7-4EDF-B611-2C6DEE1CC473}.Release|ARM.ActiveCfg = Release|Any CPU
		{5604FCCE-D3B7-4EDF-B611-2C6DEE1CC473}.Release|ARM.Build.0 = Release|Any CPU
		{5604FCCE-D3B7-4EDF-B611-2C6DEE1CC473}.Release|ARM64.ActiveCfg = Release|Any CPU
		{5604FCCE-D3B7-4EDF-B611-2C6DEE1CC473}.Release|ARM64.Build.0 = Release|Any CPU
		{5604FCCE-D3B7-4EDF-B611-2C6DEE1CC473}.Release|x64.ActiveCfg = Release|Any CPU
		{5604FCCE-D3B7-4EDF-B611-2C6DEE1CC473}.Release|x64.Build.0 = Release|Any CPU
		{5604FCCE-D3B7-4EDF-B611-2C6DEE1CC473}.Release|x86.ActiveCfg = Release|Any CPU
		{5604FCCE-D3B7-4EDF-B611-2C6DEE1CC473}.Release|x86.Build.0 = Release|Any CPU
		{EF3066AD-772E-4C68-BC83-50EE633F20AC}.Debug|Any CPU.ActiveCfg = Debug|Any CPU
		{EF3066AD-772E-4C68-BC83-50EE633F20AC}.Debug|Any CPU.Build.0 = Debug|Any CPU
		{EF3066AD-772E-4C68-BC83-50EE633F20AC}.Debug|ARM.ActiveCfg = Debug|Any CPU
		{EF3066AD-772E-4C68-BC83-50EE633F20AC}.Debug|ARM.Build.0 = Debug|Any CPU
		{EF3066AD-772E-4C68-BC83-50EE633F20AC}.Debug|ARM64.ActiveCfg = Debug|Any CPU
		{EF3066AD-772E-4C68-BC83-50EE633F20AC}.Debug|ARM64.Build.0 = Debug|Any CPU
		{EF3066AD-772E-4C68-BC83-50EE633F20AC}.Debug|x64.ActiveCfg = Debug|Any CPU
		{EF3066AD-772E-4C68-BC83-50EE633F20AC}.Debug|x64.Build.0 = Debug|Any CPU
		{EF3066AD-772E-4C68-BC83-50EE633F20AC}.Debug|x86.ActiveCfg = Debug|Any CPU
		{EF3066AD-772E-4C68-BC83-50EE633F20AC}.Debug|x86.Build.0 = Debug|Any CPU
		{EF3066AD-772E-4C68-BC83-50EE633F20AC}.Release|Any CPU.ActiveCfg = Release|Any CPU
		{EF3066AD-772E-4C68-BC83-50EE633F20AC}.Release|Any CPU.Build.0 = Release|Any CPU
		{EF3066AD-772E-4C68-BC83-50EE633F20AC}.Release|ARM.ActiveCfg = Release|Any CPU
		{EF3066AD-772E-4C68-BC83-50EE633F20AC}.Release|ARM.Build.0 = Release|Any CPU
		{EF3066AD-772E-4C68-BC83-50EE633F20AC}.Release|ARM64.ActiveCfg = Release|Any CPU
		{EF3066AD-772E-4C68-BC83-50EE633F20AC}.Release|ARM64.Build.0 = Release|Any CPU
		{EF3066AD-772E-4C68-BC83-50EE633F20AC}.Release|x64.ActiveCfg = Release|Any CPU
		{EF3066AD-772E-4C68-BC83-50EE633F20AC}.Release|x64.Build.0 = Release|Any CPU
		{EF3066AD-772E-4C68-BC83-50EE633F20AC}.Release|x86.ActiveCfg = Release|Any CPU
		{EF3066AD-772E-4C68-BC83-50EE633F20AC}.Release|x86.Build.0 = Release|Any CPU
		{DADBD8EE-1FFC-4913-A462-9BD81132925B}.Debug|Any CPU.ActiveCfg = Debug|Any CPU
		{DADBD8EE-1FFC-4913-A462-9BD81132925B}.Debug|Any CPU.Build.0 = Debug|Any CPU
		{DADBD8EE-1FFC-4913-A462-9BD81132925B}.Debug|ARM.ActiveCfg = Debug|Any CPU
		{DADBD8EE-1FFC-4913-A462-9BD81132925B}.Debug|ARM.Build.0 = Debug|Any CPU
		{DADBD8EE-1FFC-4913-A462-9BD81132925B}.Debug|ARM64.ActiveCfg = Debug|Any CPU
		{DADBD8EE-1FFC-4913-A462-9BD81132925B}.Debug|ARM64.Build.0 = Debug|Any CPU
		{DADBD8EE-1FFC-4913-A462-9BD81132925B}.Debug|x64.ActiveCfg = Debug|Any CPU
		{DADBD8EE-1FFC-4913-A462-9BD81132925B}.Debug|x64.Build.0 = Debug|Any CPU
		{DADBD8EE-1FFC-4913-A462-9BD81132925B}.Debug|x86.ActiveCfg = Debug|Any CPU
		{DADBD8EE-1FFC-4913-A462-9BD81132925B}.Debug|x86.Build.0 = Debug|Any CPU
		{DADBD8EE-1FFC-4913-A462-9BD81132925B}.Release|Any CPU.ActiveCfg = Release|Any CPU
		{DADBD8EE-1FFC-4913-A462-9BD81132925B}.Release|Any CPU.Build.0 = Release|Any CPU
		{DADBD8EE-1FFC-4913-A462-9BD81132925B}.Release|ARM.ActiveCfg = Release|Any CPU
		{DADBD8EE-1FFC-4913-A462-9BD81132925B}.Release|ARM.Build.0 = Release|Any CPU
		{DADBD8EE-1FFC-4913-A462-9BD81132925B}.Release|ARM64.ActiveCfg = Release|Any CPU
		{DADBD8EE-1FFC-4913-A462-9BD81132925B}.Release|ARM64.Build.0 = Release|Any CPU
		{DADBD8EE-1FFC-4913-A462-9BD81132925B}.Release|x64.ActiveCfg = Release|Any CPU
		{DADBD8EE-1FFC-4913-A462-9BD81132925B}.Release|x64.Build.0 = Release|Any CPU
		{DADBD8EE-1FFC-4913-A462-9BD81132925B}.Release|x86.ActiveCfg = Release|Any CPU
		{DADBD8EE-1FFC-4913-A462-9BD81132925B}.Release|x86.Build.0 = Release|Any CPU
		{3A04F939-7E46-4B90-95D4-245A0701D429}.Debug|Any CPU.ActiveCfg = Debug|x86
		{3A04F939-7E46-4B90-95D4-245A0701D429}.Debug|ARM.ActiveCfg = Debug|ARM
		{3A04F939-7E46-4B90-95D4-245A0701D429}.Debug|ARM.Build.0 = Debug|ARM
		{3A04F939-7E46-4B90-95D4-245A0701D429}.Debug|ARM.Deploy.0 = Debug|ARM
		{3A04F939-7E46-4B90-95D4-245A0701D429}.Debug|ARM64.ActiveCfg = Debug|ARM64
		{3A04F939-7E46-4B90-95D4-245A0701D429}.Debug|ARM64.Build.0 = Debug|ARM64
		{3A04F939-7E46-4B90-95D4-245A0701D429}.Debug|ARM64.Deploy.0 = Debug|ARM64
		{3A04F939-7E46-4B90-95D4-245A0701D429}.Debug|x64.ActiveCfg = Debug|x64
		{3A04F939-7E46-4B90-95D4-245A0701D429}.Debug|x64.Build.0 = Debug|x64
		{3A04F939-7E46-4B90-95D4-245A0701D429}.Debug|x64.Deploy.0 = Debug|x64
		{3A04F939-7E46-4B90-95D4-245A0701D429}.Debug|x86.ActiveCfg = Debug|x86
		{3A04F939-7E46-4B90-95D4-245A0701D429}.Debug|x86.Build.0 = Debug|x86
		{3A04F939-7E46-4B90-95D4-245A0701D429}.Debug|x86.Deploy.0 = Debug|x86
		{3A04F939-7E46-4B90-95D4-245A0701D429}.Release|Any CPU.ActiveCfg = Release|x86
		{3A04F939-7E46-4B90-95D4-245A0701D429}.Release|ARM.ActiveCfg = Release|ARM
		{3A04F939-7E46-4B90-95D4-245A0701D429}.Release|ARM.Build.0 = Release|ARM
		{3A04F939-7E46-4B90-95D4-245A0701D429}.Release|ARM.Deploy.0 = Release|ARM
		{3A04F939-7E46-4B90-95D4-245A0701D429}.Release|ARM64.ActiveCfg = Release|ARM64
		{3A04F939-7E46-4B90-95D4-245A0701D429}.Release|ARM64.Build.0 = Release|ARM64
		{3A04F939-7E46-4B90-95D4-245A0701D429}.Release|ARM64.Deploy.0 = Release|ARM64
		{3A04F939-7E46-4B90-95D4-245A0701D429}.Release|x64.ActiveCfg = Release|x64
		{3A04F939-7E46-4B90-95D4-245A0701D429}.Release|x64.Build.0 = Release|x64
		{3A04F939-7E46-4B90-95D4-245A0701D429}.Release|x64.Deploy.0 = Release|x64
		{3A04F939-7E46-4B90-95D4-245A0701D429}.Release|x86.ActiveCfg = Release|x86
		{3A04F939-7E46-4B90-95D4-245A0701D429}.Release|x86.Build.0 = Release|x86
		{3A04F939-7E46-4B90-95D4-245A0701D429}.Release|x86.Deploy.0 = Release|x86
	EndGlobalSection
	GlobalSection(SolutionProperties) = preSolution
		HideSolutionNode = FALSE
	EndGlobalSection
	GlobalSection(ExtensibilityGlobals) = postSolution
		SolutionGuid = {E45C8D97-C5EE-473C-9351-873A25C79622}
	EndGlobalSection
EndGlobal
